
Microsoft Visual Studio Solution File, Format Version 12.00
# Visual Studio Version 17
VisualStudioVersion = 17.0.31903.59
MinimumVisualStudioVersion = 10.0.40219.1
Project("{2150E333-8FDC-42A3-9474-1A3956D46DE8}") = "src", "src", "{827E0CD3-B72D-47B6-A68D-7590B98EB39B}"
EndProject
Project("{FAE04EC0-301F-11D3-BF4B-00C04F79EFBC}") = "MiniDashboard.Api", "src\MiniDashboard.Api\MiniDashboard.Api.csproj", "{2A52197E-0339-40A7-8BAF-5A585676F736}"
EndProject
Project("{FAE04EC0-301F-11D3-BF4B-00C04F79EFBC}") = "MiniDashboard.App", "src\MiniDashboard.App\MiniDashboard.App.csproj", "{03B32E58-5889-4605-9295-F63BCA4941B0}"
EndProject
Project("{2150E333-8FDC-42A3-9474-1A3956D46DE8}") = "tests", "tests", "{0AB3BF05-4346-4AA6-1389-037BE0695223}"
EndProject
Project("{FAE04EC0-301F-11D3-BF4B-00C04F79EFBC}") = "MiniDashboard.Tests", "tests\MiniDashboard.Tests\MiniDashboard.Tests.csproj", "{26D65590-1877-4A49-860C-2DDDD2A7C602}"
EndProject
Project("{FAE04EC0-301F-11D3-BF4B-00C04F79EFBC}") = "MiniDashboard.IntegrationTests", "tests\MiniDashboard.IntegrationTests\MiniDashboard.IntegrationTests.csproj", "{ACC5E85B-57B0-44D7-A9FF-194752E88DF7}"
EndProject
Global
	GlobalSection(SolutionConfigurationPlatforms) = preSolution
		Debug|Any CPU = Debug|Any CPU
		Debug|x64 = Debug|x64
		Debug|x86 = Debug|x86
		Release|Any CPU = Release|Any CPU
		Release|x64 = Release|x64
		Release|x86 = Release|x86
	EndGlobalSection
	GlobalSection(ProjectConfigurationPlatforms) = postSolution
		{2A52197E-0339-40A7-8BAF-5A585676F736}.Debug|Any CPU.ActiveCfg = Debug|Any CPU
		{2A52197E-0339-40A7-8BAF-5A585676F736}.Debug|Any CPU.Build.0 = Debug|Any CPU
		{2A52197E-0339-40A7-8BAF-5A585676F736}.Debug|x64.ActiveCfg = Debug|Any CPU
		{2A52197E-0339-40A7-8BAF-5A585676F736}.Debug|x64.Build.0 = Debug|Any CPU
		{2A52197E-0339-40A7-8BAF-5A585676F736}.Debug|x86.ActiveCfg = Debug|Any CPU
		{2A52197E-0339-40A7-8BAF-5A585676F736}.Debug|x86.Build.0 = Debug|Any CPU
		{2A52197E-0339-40A7-8BAF-5A585676F736}.Release|Any CPU.ActiveCfg = Release|Any CPU
		{2A52197E-0339-40A7-8BAF-5A585676F736}.Release|Any CPU.Build.0 = Release|Any CPU
		{2A52197E-0339-40A7-8BAF-5A585676F736}.Release|x64.ActiveCfg = Release|Any CPU
		{2A52197E-0339-40A7-8BAF-5A585676F736}.Release|x64.Build.0 = Release|Any CPU
		{2A52197E-0339-40A7-8BAF-5A585676F736}.Release|x86.ActiveCfg = Release|Any CPU
		{2A52197E-0339-40A7-8BAF-5A585676F736}.Release|x86.Build.0 = Release|Any CPU
		{03B32E58-5889-4605-9295-F63BCA4941B0}.Debug|Any CPU.ActiveCfg = Debug|Any CPU
		{03B32E58-5889-4605-9295-F63BCA4941B0}.Debug|Any CPU.Build.0 = Debug|Any CPU
		{03B32E58-5889-4605-9295-F63BCA4941B0}.Debug|x64.ActiveCfg = Debug|Any CPU
		{03B32E58-5889-4605-9295-F63BCA4941B0}.Debug|x64.Build.0 = Debug|Any CPU
		{03B32E58-5889-4605-9295-F63BCA4941B0}.Debug|x86.ActiveCfg = Debug|Any CPU
		{03B32E58-5889-4605-9295-F63BCA4941B0}.Debug|x86.Build.0 = Debug|Any CPU
		{03B32E58-5889-4605-9295-F63BCA4941B0}.Release|Any CPU.ActiveCfg = Release|Any CPU
		{03B32E58-5889-4605-9295-F63BCA4941B0}.Release|Any CPU.Build.0 = Release|Any CPU
		{03B32E58-5889-4605-9295-F63BCA4941B0}.Release|x64.ActiveCfg = Release|Any CPU
		{03B32E58-5889-4605-9295-F63BCA4941B0}.Release|x64.Build.0 = Release|Any CPU
		{03B32E58-5889-4605-9295-F63BCA4941B0}.Release|x86.ActiveCfg = Release|Any CPU
		{03B32E58-5889-4605-9295-F63BCA4941B0}.Release|x86.Build.0 = Release|Any CPU
		{26D65590-1877-4A49-860C-2DDDD2A7C602}.Debug|Any CPU.ActiveCfg = Debug|Any CPU
		{26D65590-1877-4A49-860C-2DDDD2A7C602}.Debug|Any CPU.Build.0 = Debug|Any CPU
		{26D65590-1877-4A49-860C-2DDDD2A7C602}.Debug|x64.ActiveCfg = Debug|Any CPU
		{26D65590-1877-4A49-860C-2DDDD2A7C602}.Debug|x64.Build.0 = Debug|Any CPU
		{26D65590-1877-4A49-860C-2DDDD2A7C602}.Debug|x86.ActiveCfg = Debug|Any CPU
		{26D65590-1877-4A49-860C-2DDDD2A7C602}.Debug|x86.Build.0 = Debug|Any CPU
		{26D65590-1877-4A49-860C-2DDDD2A7C602}.Release|Any CPU.ActiveCfg = Release|Any CPU
		{26D65590-1877-4A49-860C-2DDDD2A7C602}.Release|Any CPU.Build.0 = Release|Any CPU
		{26D65590-1877-4A49-860C-2DDDD2A7C602}.Release|x64.ActiveCfg = Release|Any CPU
		{26D65590-1877-4A49-860C-2DDDD2A7C602}.Release|x64.Build.0 = Release|Any CPU
		{26D65590-1877-4A49-860C-2DDDD2A7C602}.Release|x86.ActiveCfg = Release|Any CPU
		{26D65590-1877-4A49-860C-2DDDD2A7C602}.Release|x86.Build.0 = Release|Any CPU
		{ACC5E85B-57B0-44D7-A9FF-194752E88DF7}.Debug|Any CPU.ActiveCfg = Debug|Any CPU
		{ACC5E85B-57B0-44D7-A9FF-194752E88DF7}.Debug|Any CPU.Build.0 = Debug|Any CPU
		{ACC5E85B-57B0-44D7-A9FF-194752E88DF7}.Debug|x64.ActiveCfg = Debug|Any CPU
		{ACC5E85B-57B0-44D7-A9FF-194752E88DF7}.Debug|x64.Build.0 = Debug|Any CPU
		{ACC5E85B-57B0-44D7-A9FF-194752E88DF7}.Debug|x86.ActiveCfg = Debug|Any CPU
		{ACC5E85B-57B0-44D7-A9FF-194752E88DF7}.Debug|x86.Build.0 = Debug|Any CPU
		{ACC5E85B-57B0-44D7-A9FF-194752E88DF7}.Release|Any CPU.ActiveCfg = Release|Any CPU
		{ACC5E85B-57B0-44D7-A9FF-194752E88DF7}.Release|Any CPU.Build.0 = Release|Any CPU
		{ACC5E85B-57B0-44D7-A9FF-194752E88DF7}.Release|x64.ActiveCfg = Release|Any CPU
		{ACC5E85B-57B0-44D7-A9FF-194752E88DF7}.Release|x64.Build.0 = Release|Any CPU
		{ACC5E85B-57B0-44D7-A9FF-194752E88DF7}.Release|x86.ActiveCfg = Release|Any CPU
		{ACC5E85B-57B0-44D7-A9FF-194752E88DF7}.Release|x86.Build.0 = Release|Any CPU
	EndGlobalSection
	GlobalSection(SolutionProperties) = preSolution
		HideSolutionNode = FALSE
	EndGlobalSection
	GlobalSection(NestedProjects) = preSolution
		{2A52197E-0339-40A7-8BAF-5A585676F736} = {827E0CD3-B72D-47B6-A68D-7590B98EB39B}
		{03B32E58-5889-4605-9295-F63BCA4941B0} = {827E0CD3-B72D-47B6-A68D-7590B98EB39B}
		{26D65590-1877-4A49-860C-2DDDD2A7C602} = {0AB3BF05-4346-4AA6-1389-037BE0695223}
		{ACC5E85B-57B0-44D7-A9FF-194752E88DF7} = {0AB3BF05-4346-4AA6-1389-037BE0695223}
	EndGlobalSection
	GlobalSection(ExtensibilityGlobals) = postSolution
		SolutionGuid = {93D20D6C-4A87-407F-B8A3-AAC03A774FD7}
	EndGlobalSection
EndGlobal
